
Microsoft Visual Studio Solution File, Format Version 12.00
# Visual Studio Version 16
VisualStudioVersion = 16.0.32106.194
MinimumVisualStudioVersion = 10.0.40219.1
Project("{8BC9CEB8-8B4A-11D0-8D11-00A0C91BC942}") = "22_4_24_test1", "22_4_24_test1\22_4_24_test1.vcxproj", "{B4CDA9FD-A0E1-4A00-B13A-2E6EF6FECF57}"
EndProject
Global
	GlobalSection(SolutionConfigurationPlatforms) = preSolution
		Debug|x64 = Debug|x64
		Debug|x86 = Debug|x86
		Release|x64 = Release|x64
		Release|x86 = Release|x86
	EndGlobalSection
	GlobalSection(ProjectConfigurationPlatforms) = postSolution
		{B4CDA9FD-A0E1-4A00-B13A-2E6EF6FECF57}.Debug|x64.ActiveCfg = Debug|x64
		{B4CDA9FD-A0E1-4A00-B13A-2E6EF6FECF57}.Debug|x64.Build.0 = Debug|x64
		{B4CDA9FD-A0E1-4A00-B13A-2E6EF6FECF57}.Debug|x86.ActiveCfg = Debug|Win32
		{B4CDA9FD-A0E1-4A00-B13A-2E6EF6FECF57}.Debug|x86.Build.0 = Debug|Win32
		{B4CDA9FD-A0E1-4A00-B13A-2E6EF6FECF57}.Release|x64.ActiveCfg = Release|x64
		{B4CDA9FD-A0E1-4A00-B13A-2E6EF6FECF57}.Release|x64.Build.0 = Release|x64
		{B4CDA9FD-A0E1-4A00-B13A-2E6EF6FECF57}.Release|x86.ActiveCfg = Release|Win32
		{B4CDA9FD-A0E1-4A00-B13A-2E6EF6FECF57}.Release|x86.Build.0 = Release|Win32
	EndGlobalSection
	GlobalSection(SolutionProperties) = preSolution
		HideSolutionNode = FALSE
	EndGlobalSection
	GlobalSection(ExtensibilityGlobals) = postSolution
		SolutionGuid = {203E94A3-7CE3-450C-B4E1-3F675D2D4B06}
	EndGlobalSection
EndGlobal
