
Microsoft Visual Studio Solution File, Format Version 12.00
# Visual Studio Version 16
VisualStudioVersion = 16.0.32228.343
MinimumVisualStudioVersion = 10.0.40219.1
Project("{8BC9CEB8-8B4A-11D0-8D11-00A0C91BC942}") = "Test_22_6_8", "Test_22_6_8\Test_22_6_8.vcxproj", "{59D672CB-FA44-4AB0-BBF0-136EBD817D6F}"
EndProject
Global
	GlobalSection(SolutionConfigurationPlatforms) = preSolution
		Debug|x64 = Debug|x64
		Debug|x86 = Debug|x86
		Release|x64 = Release|x64
		Release|x86 = Release|x86
	EndGlobalSection
	GlobalSection(ProjectConfigurationPlatforms) = postSolution
		{59D672CB-FA44-4AB0-BBF0-136EBD817D6F}.Debug|x64.ActiveCfg = Debug|x64
		{59D672CB-FA44-4AB0-BBF0-136EBD817D6F}.Debug|x64.Build.0 = Debug|x64
		{59D672CB-FA44-4AB0-BBF0-136EBD817D6F}.Debug|x86.ActiveCfg = Debug|Win32
		{59D672CB-FA44-4AB0-BBF0-136EBD817D6F}.Debug|x86.Build.0 = Debug|Win32
		{59D672CB-FA44-4AB0-BBF0-136EBD817D6F}.Release|x64.ActiveCfg = Release|x64
		{59D672CB-FA44-4AB0-BBF0-136EBD817D6F}.Release|x64.Build.0 = Release|x64
		{59D672CB-FA44-4AB0-BBF0-136EBD817D6F}.Release|x86.ActiveCfg = Release|Win32
		{59D672CB-FA44-4AB0-BBF0-136EBD817D6F}.Release|x86.Build.0 = Release|Win32
	EndGlobalSection
	GlobalSection(SolutionProperties) = preSolution
		HideSolutionNode = FALSE
	EndGlobalSection
	GlobalSection(ExtensibilityGlobals) = postSolution
		SolutionGuid = {486737B4-CE06-434D-9EFB-62779EC0D9D4}
	EndGlobalSection
EndGlobal
