
Microsoft Visual Studio Solution File, Format Version 12.00
# Visual Studio Version 16
VisualStudioVersion = 16.0.32228.343
MinimumVisualStudioVersion = 10.0.40219.1
Project("{8BC9CEB8-8B4A-11D0-8D11-00A0C91BC942}") = "Test_22_5_9", "Test_22_5_9\Test_22_5_9.vcxproj", "{B8D57B82-7295-4DFA-B410-C5589E220E90}"
EndProject
Global
	GlobalSection(SolutionConfigurationPlatforms) = preSolution
		Debug|x64 = Debug|x64
		Debug|x86 = Debug|x86
		Release|x64 = Release|x64
		Release|x86 = Release|x86
	EndGlobalSection
	GlobalSection(ProjectConfigurationPlatforms) = postSolution
		{B8D57B82-7295-4DFA-B410-C5589E220E90}.Debug|x64.ActiveCfg = Debug|x64
		{B8D57B82-7295-4DFA-B410-C5589E220E90}.Debug|x64.Build.0 = Debug|x64
		{B8D57B82-7295-4DFA-B410-C5589E220E90}.Debug|x86.ActiveCfg = Debug|Win32
		{B8D57B82-7295-4DFA-B410-C5589E220E90}.Debug|x86.Build.0 = Debug|Win32
		{B8D57B82-7295-4DFA-B410-C5589E220E90}.Release|x64.ActiveCfg = Release|x64
		{B8D57B82-7295-4DFA-B410-C5589E220E90}.Release|x64.Build.0 = Release|x64
		{B8D57B82-7295-4DFA-B410-C5589E220E90}.Release|x86.ActiveCfg = Release|Win32
		{B8D57B82-7295-4DFA-B410-C5589E220E90}.Release|x86.Build.0 = Release|Win32
	EndGlobalSection
	GlobalSection(SolutionProperties) = preSolution
		HideSolutionNode = FALSE
	EndGlobalSection
	GlobalSection(ExtensibilityGlobals) = postSolution
		SolutionGuid = {E0CE194E-613F-4E05-A2A2-AD71CBD59C62}
	EndGlobalSection
EndGlobal
