<<<<<<< HEAD
<<<<<<< HEAD
<<<<<<< HEAD
<<<<<<< HEAD
<<<<<<< HEAD
﻿
Microsoft Visual Studio Solution File, Format Version 12.00
# Visual Studio Version 16
VisualStudioVersion = 16.0.32228.343
MinimumVisualStudioVersion = 10.0.40219.1
Project("{8BC9CEB8-8B4A-11D0-8D11-00A0C91BC942}") = "22_4_29_test", "22_4_29_test\22_4_29_test.vcxproj", "{AFD3208D-2EA7-4B96-B862-C8EA19CF87B9}"
EndProject
Global
	GlobalSection(SolutionConfigurationPlatforms) = preSolution
		Debug|x64 = Debug|x64
		Debug|x86 = Debug|x86
		Release|x64 = Release|x64
		Release|x86 = Release|x86
	EndGlobalSection
	GlobalSection(ProjectConfigurationPlatforms) = postSolution
		{AFD3208D-2EA7-4B96-B862-C8EA19CF87B9}.Debug|x64.ActiveCfg = Debug|x64
		{AFD3208D-2EA7-4B96-B862-C8EA19CF87B9}.Debug|x64.Build.0 = Debug|x64
		{AFD3208D-2EA7-4B96-B862-C8EA19CF87B9}.Debug|x86.ActiveCfg = Debug|Win32
		{AFD3208D-2EA7-4B96-B862-C8EA19CF87B9}.Debug|x86.Build.0 = Debug|Win32
		{AFD3208D-2EA7-4B96-B862-C8EA19CF87B9}.Release|x64.ActiveCfg = Release|x64
		{AFD3208D-2EA7-4B96-B862-C8EA19CF87B9}.Release|x64.Build.0 = Release|x64
		{AFD3208D-2EA7-4B96-B862-C8EA19CF87B9}.Release|x86.ActiveCfg = Release|Win32
		{AFD3208D-2EA7-4B96-B862-C8EA19CF87B9}.Release|x86.Build.0 = Release|Win32
	EndGlobalSection
	GlobalSection(SolutionProperties) = preSolution
		HideSolutionNode = FALSE
	EndGlobalSection
	GlobalSection(ExtensibilityGlobals) = postSolution
		SolutionGuid = {E0B9F330-CAEA-404F-A9D5-5FCBB23DD742}
	EndGlobalSection
EndGlobal
=======
﻿
Microsoft Visual Studio Solution File, Format Version 12.00
# Visual Studio Version 16
VisualStudioVersion = 16.0.32228.343
MinimumVisualStudioVersion = 10.0.40219.1
Project("{8BC9CEB8-8B4A-11D0-8D11-00A0C91BC942}") = "22_4_29_test", "22_4_29_test\22_4_29_test.vcxproj", "{AFD3208D-2EA7-4B96-B862-C8EA19CF87B9}"
EndProject
Global
	GlobalSection(SolutionConfigurationPlatforms) = preSolution
		Debug|x64 = Debug|x64
		Debug|x86 = Debug|x86
		Release|x64 = Release|x64
		Release|x86 = Release|x86
	EndGlobalSection
	GlobalSection(ProjectConfigurationPlatforms) = postSolution
		{AFD3208D-2EA7-4B96-B862-C8EA19CF87B9}.Debug|x64.ActiveCfg = Debug|x64
		{AFD3208D-2EA7-4B96-B862-C8EA19CF87B9}.Debug|x64.Build.0 = Debug|x64
		{AFD3208D-2EA7-4B96-B862-C8EA19CF87B9}.Debug|x86.ActiveCfg = Debug|Win32
		{AFD3208D-2EA7-4B96-B862-C8EA19CF87B9}.Debug|x86.Build.0 = Debug|Win32
		{AFD3208D-2EA7-4B96-B862-C8EA19CF87B9}.Release|x64.ActiveCfg = Release|x64
		{AFD3208D-2EA7-4B96-B862-C8EA19CF87B9}.Release|x64.Build.0 = Release|x64
		{AFD3208D-2EA7-4B96-B862-C8EA19CF87B9}.Release|x86.ActiveCfg = Release|Win32
		{AFD3208D-2EA7-4B96-B862-C8EA19CF87B9}.Release|x86.Build.0 = Release|Win32
	EndGlobalSection
	GlobalSection(SolutionProperties) = preSolution
		HideSolutionNode = FALSE
	EndGlobalSection
	GlobalSection(ExtensibilityGlobals) = postSolution
		SolutionGuid = {E0B9F330-CAEA-404F-A9D5-5FCBB23DD742}
	EndGlobalSection
EndGlobal
>>>>>>> 2c28fb84b1fb6bdd2fc90928c51d261fa0f11661
=======
﻿
Microsoft Visual Studio Solution File, Format Version 12.00
# Visual Studio Version 16
VisualStudioVersion = 16.0.32228.343
MinimumVisualStudioVersion = 10.0.40219.1
Project("{8BC9CEB8-8B4A-11D0-8D11-00A0C91BC942}") = "22_4_29_test", "22_4_29_test\22_4_29_test.vcxproj", "{AFD3208D-2EA7-4B96-B862-C8EA19CF87B9}"
EndProject
Global
	GlobalSection(SolutionConfigurationPlatforms) = preSolution
		Debug|x64 = Debug|x64
		Debug|x86 = Debug|x86
		Release|x64 = Release|x64
		Release|x86 = Release|x86
	EndGlobalSection
	GlobalSection(ProjectConfigurationPlatforms) = postSolution
		{AFD3208D-2EA7-4B96-B862-C8EA19CF87B9}.Debug|x64.ActiveCfg = Debug|x64
		{AFD3208D-2EA7-4B96-B862-C8EA19CF87B9}.Debug|x64.Build.0 = Debug|x64
		{AFD3208D-2EA7-4B96-B862-C8EA19CF87B9}.Debug|x86.ActiveCfg = Debug|Win32
		{AFD3208D-2EA7-4B96-B862-C8EA19CF87B9}.Debug|x86.Build.0 = Debug|Win32
		{AFD3208D-2EA7-4B96-B862-C8EA19CF87B9}.Release|x64.ActiveCfg = Release|x64
		{AFD3208D-2EA7-4B96-B862-C8EA19CF87B9}.Release|x64.Build.0 = Release|x64
		{AFD3208D-2EA7-4B96-B862-C8EA19CF87B9}.Release|x86.ActiveCfg = Release|Win32
		{AFD3208D-2EA7-4B96-B862-C8EA19CF87B9}.Release|x86.Build.0 = Release|Win32
	EndGlobalSection
	GlobalSection(SolutionProperties) = preSolution
		HideSolutionNode = FALSE
	EndGlobalSection
	GlobalSection(ExtensibilityGlobals) = postSolution
		SolutionGuid = {E0B9F330-CAEA-404F-A9D5-5FCBB23DD742}
	EndGlobalSection
EndGlobal
>>>>>>> 374fdf0d10971997db2f875470647e4dbfd1651d
=======
﻿
Microsoft Visual Studio Solution File, Format Version 12.00
# Visual Studio Version 16
VisualStudioVersion = 16.0.32228.343
MinimumVisualStudioVersion = 10.0.40219.1
Project("{8BC9CEB8-8B4A-11D0-8D11-00A0C91BC942}") = "22_4_29_test", "22_4_29_test\22_4_29_test.vcxproj", "{AFD3208D-2EA7-4B96-B862-C8EA19CF87B9}"
EndProject
Global
	GlobalSection(SolutionConfigurationPlatforms) = preSolution
		Debug|x64 = Debug|x64
		Debug|x86 = Debug|x86
		Release|x64 = Release|x64
		Release|x86 = Release|x86
	EndGlobalSection
	GlobalSection(ProjectConfigurationPlatforms) = postSolution
		{AFD3208D-2EA7-4B96-B862-C8EA19CF87B9}.Debug|x64.ActiveCfg = Debug|x64
		{AFD3208D-2EA7-4B96-B862-C8EA19CF87B9}.Debug|x64.Build.0 = Debug|x64
		{AFD3208D-2EA7-4B96-B862-C8EA19CF87B9}.Debug|x86.ActiveCfg = Debug|Win32
		{AFD3208D-2EA7-4B96-B862-C8EA19CF87B9}.Debug|x86.Build.0 = Debug|Win32
		{AFD3208D-2EA7-4B96-B862-C8EA19CF87B9}.Release|x64.ActiveCfg = Release|x64
		{AFD3208D-2EA7-4B96-B862-C8EA19CF87B9}.Release|x64.Build.0 = Release|x64
		{AFD3208D-2EA7-4B96-B862-C8EA19CF87B9}.Release|x86.ActiveCfg = Release|Win32
		{AFD3208D-2EA7-4B96-B862-C8EA19CF87B9}.Release|x86.Build.0 = Release|Win32
	EndGlobalSection
	GlobalSection(SolutionProperties) = preSolution
		HideSolutionNode = FALSE
	EndGlobalSection
	GlobalSection(ExtensibilityGlobals) = postSolution
		SolutionGuid = {E0B9F330-CAEA-404F-A9D5-5FCBB23DD742}
	EndGlobalSection
EndGlobal
>>>>>>> 374fdf0d10971997db2f875470647e4dbfd1651d
=======
﻿
Microsoft Visual Studio Solution File, Format Version 12.00
# Visual Studio Version 16
VisualStudioVersion = 16.0.32228.343
MinimumVisualStudioVersion = 10.0.40219.1
Project("{8BC9CEB8-8B4A-11D0-8D11-00A0C91BC942}") = "22_4_29_test", "22_4_29_test\22_4_29_test.vcxproj", "{AFD3208D-2EA7-4B96-B862-C8EA19CF87B9}"
EndProject
Global
	GlobalSection(SolutionConfigurationPlatforms) = preSolution
		Debug|x64 = Debug|x64
		Debug|x86 = Debug|x86
		Release|x64 = Release|x64
		Release|x86 = Release|x86
	EndGlobalSection
	GlobalSection(ProjectConfigurationPlatforms) = postSolution
		{AFD3208D-2EA7-4B96-B862-C8EA19CF87B9}.Debug|x64.ActiveCfg = Debug|x64
		{AFD3208D-2EA7-4B96-B862-C8EA19CF87B9}.Debug|x64.Build.0 = Debug|x64
		{AFD3208D-2EA7-4B96-B862-C8EA19CF87B9}.Debug|x86.ActiveCfg = Debug|Win32
		{AFD3208D-2EA7-4B96-B862-C8EA19CF87B9}.Debug|x86.Build.0 = Debug|Win32
		{AFD3208D-2EA7-4B96-B862-C8EA19CF87B9}.Release|x64.ActiveCfg = Release|x64
		{AFD3208D-2EA7-4B96-B862-C8EA19CF87B9}.Release|x64.Build.0 = Release|x64
		{AFD3208D-2EA7-4B96-B862-C8EA19CF87B9}.Release|x86.ActiveCfg = Release|Win32
		{AFD3208D-2EA7-4B96-B862-C8EA19CF87B9}.Release|x86.Build.0 = Release|Win32
	EndGlobalSection
	GlobalSection(SolutionProperties) = preSolution
		HideSolutionNode = FALSE
	EndGlobalSection
	GlobalSection(ExtensibilityGlobals) = postSolution
		SolutionGuid = {E0B9F330-CAEA-404F-A9D5-5FCBB23DD742}
	EndGlobalSection
EndGlobal
>>>>>>> 374fdf0d10971997db2f875470647e4dbfd1651d
=======
﻿
Microsoft Visual Studio Solution File, Format Version 12.00
# Visual Studio Version 16
VisualStudioVersion = 16.0.32228.343
MinimumVisualStudioVersion = 10.0.40219.1
Project("{8BC9CEB8-8B4A-11D0-8D11-00A0C91BC942}") = "22_4_29_test", "22_4_29_test\22_4_29_test.vcxproj", "{AFD3208D-2EA7-4B96-B862-C8EA19CF87B9}"
EndProject
Global
	GlobalSection(SolutionConfigurationPlatforms) = preSolution
		Debug|x64 = Debug|x64
		Debug|x86 = Debug|x86
		Release|x64 = Release|x64
		Release|x86 = Release|x86
	EndGlobalSection
	GlobalSection(ProjectConfigurationPlatforms) = postSolution
		{AFD3208D-2EA7-4B96-B862-C8EA19CF87B9}.Debug|x64.ActiveCfg = Debug|x64
		{AFD3208D-2EA7-4B96-B862-C8EA19CF87B9}.Debug|x64.Build.0 = Debug|x64
		{AFD3208D-2EA7-4B96-B862-C8EA19CF87B9}.Debug|x86.ActiveCfg = Debug|Win32
		{AFD3208D-2EA7-4B96-B862-C8EA19CF87B9}.Debug|x86.Build.0 = Debug|Win32
		{AFD3208D-2EA7-4B96-B862-C8EA19CF87B9}.Release|x64.ActiveCfg = Release|x64
		{AFD3208D-2EA7-4B96-B862-C8EA19CF87B9}.Release|x64.Build.0 = Release|x64
		{AFD3208D-2EA7-4B96-B862-C8EA19CF87B9}.Release|x86.ActiveCfg = Release|Win32
		{AFD3208D-2EA7-4B96-B862-C8EA19CF87B9}.Release|x86.Build.0 = Release|Win32
	EndGlobalSection
	GlobalSection(SolutionProperties) = preSolution
		HideSolutionNode = FALSE
	EndGlobalSection
	GlobalSection(ExtensibilityGlobals) = postSolution
		SolutionGuid = {E0B9F330-CAEA-404F-A9D5-5FCBB23DD742}
	EndGlobalSection
EndGlobal
>>>>>>> 4dd49e50cd8de3769926626e3a4881f8cf27cb7e
